<?xml version="1.0" encoding="utf-8"?>
<Project ToolsVersion="12.0" xmlns="http://schemas.microsoft.com/developer/msbuild/2003">
  <ItemGroup>
    <Filter Include="Source Files">
      <UniqueIdentifier>{4FC737F1-C7A5-4376-A066-2A32D752A2FF}</UniqueIdentifier>
      <Extensions>cpp;c;cc;cxx;s</Extensions>
    </Filter>
    <Filter Include="Header Files">
      <UniqueIdentifier>{93995380-89BD-4b04-88EB-625FBE52EBFB}</UniqueIdentifier>
      <Extensions>h;hh;hpp;hxx</Extensions>
    </Filter>
    <Filter Include="Source Files\ksf">
      <UniqueIdentifier>{834c4395-8703-436a-b64d-8dea5e124cbb}</UniqueIdentifier>
    </Filter>
    <Filter Include="Source Files\ksf\comp">
      <UniqueIdentifier>{14dd739c-4a78-45a0-83cb-98804153bb63}</UniqueIdentifier>
    </Filter>
    <Filter Include="Source Files\ksf\evt">
      <UniqueIdentifier>{8a449b01-5889-49fe-b86a-0a02ffedef54}</UniqueIdentifier>
    </Filter>
  </ItemGroup>
  <ItemGroup>
    <Text Include="$(MSBuildThisFileDirectory)readme.txt" />
    <Text Include="$(MSBuildThisFileDirectory)library.properties" />
  </ItemGroup>
  <ItemGroup>
    <ClCompile Include="$(MSBuildThisFileDirectory)src\ksf\comp\ksConfigProvider.cpp">
      <Filter>Source Files\ksf\comp</Filter>
    </ClCompile>
    <ClCompile Include="$(MSBuildThisFileDirectory)src\ksf\comp\ksLed.cpp">
      <Filter>Source Files\ksf\comp</Filter>
    </ClCompile>
    <ClCompile Include="$(MSBuildThisFileDirectory)src\ksf\comp\ksMqttConfigProvider.cpp">
      <Filter>Source Files\ksf\comp</Filter>
    </ClCompile>
    <ClCompile Include="$(MSBuildThisFileDirectory)src\ksf\comp\ksMqttConnector.cpp">
      <Filter>Source Files\ksf\comp</Filter>
    </ClCompile>
    <ClCompile Include="$(MSBuildThisFileDirectory)src\ksf\comp\ksMqttDebugResponder.cpp">
      <Filter>Source Files\ksf\comp</Filter>
    </ClCompile>
    <ClCompile Include="$(MSBuildThisFileDirectory)src\ksf\comp\ksTimer.cpp">
      <Filter>Source Files\ksf\comp</Filter>
    </ClCompile>
    <ClCompile Include="$(MSBuildThisFileDirectory)src\ksf\comp\ksWiFiConfigurator.cpp">
      <Filter>Source Files\ksf\comp</Filter>
    </ClCompile>
    <ClCompile Include="$(MSBuildThisFileDirectory)src\ksf\comp\ksWifiConnector.cpp">
      <Filter>Source Files\ksf\comp</Filter>
    </ClCompile>
    <ClCompile Include="$(MSBuildThisFileDirectory)src\ksf\evt\ksEventHandle.cpp">
      <Filter>Source Files\ksf\evt</Filter>
    </ClCompile>
    <ClCompile Include="$(MSBuildThisFileDirectory)src\ksf\ksApplication.cpp">
      <Filter>Source Files\ksf</Filter>
    </ClCompile>
    <ClCompile Include="$(MSBuildThisFileDirectory)src\ksf\ksComposable.cpp">
      <Filter>Source Files\ksf</Filter>
    </ClCompile>
	<ClCompile Include="$(MSBuildThisFileDirectory)src\ksf\ksComponent.cpp">
      <Filter>Source Files\ksf</Filter>
    </ClCompile>
    <ClCompile Include="$(MSBuildThisFileDirectory)src\ksf\ksConfig.cpp">
      <Filter>Source Files\ksf</Filter>
    </ClCompile>
	<ClInclude Include="$(MSBuildThisFileDirectory)src\ksf\ksConstants.cpp">
      <Filter>Source Files\ksf</Filter>
    </ClInclude>
  </ItemGroup>
  <ItemGroup>
    <ClInclude Include="$(MSBuildThisFileDirectory)src\ksf\comp\ksConfigProvider.h">
      <Filter>Source Files\ksf\comp</Filter>
    </ClInclude>
    <ClInclude Include="$(MSBuildThisFileDirectory)src\ksf\comp\ksLed.h">
      <Filter>Source Files\ksf\comp</Filter>
    </ClInclude>
    <ClInclude Include="$(MSBuildThisFileDirectory)src\ksf\comp\ksMqttConfigProvider.h">
      <Filter>Source Files\ksf\comp</Filter>
    </ClInclude>
    <ClInclude Include="$(MSBuildThisFileDirectory)src\ksf\comp\ksMqttConnector.h">
      <Filter>Source Files\ksf\comp</Filter>
    </ClInclude>
    <ClInclude Include="$(MSBuildThisFileDirectory)src\ksf\comp\ksMqttDebugResponder.h">
      <Filter>Source Files\ksf\comp</Filter>
    </ClInclude>
    <ClInclude Include="$(MSBuildThisFileDirectory)src\ksf\comp\ksTimer.h">
      <Filter>Source Files\ksf\comp</Filter>
    </ClInclude>
    <ClInclude Include="$(MSBuildThisFileDirectory)src\ksf\comp\ksWiFiConfigurator.h">
      <Filter>Source Files\ksf\comp</Filter>
    </ClInclude>
    <ClInclude Include="$(MSBuildThisFileDirectory)src\ksf\comp\ksWifiConnector.h">
      <Filter>Source Files\ksf\comp</Filter>
    </ClInclude>
    <ClInclude Include="$(MSBuildThisFileDirectory)src\ksf\evt\ksEvent.h">
      <Filter>Source Files\ksf\evt</Filter>
    </ClInclude>
    <ClInclude Include="$(MSBuildThisFileDirectory)src\ksf\evt\ksEventBase.h">
      <Filter>Source Files\ksf\evt</Filter>
    </ClInclude>
    <ClInclude Include="$(MSBuildThisFileDirectory)src\ksf\evt\ksEventHandle.h">
      <Filter>Source Files\ksf\evt</Filter>
    </ClInclude>
    <ClInclude Include="$(MSBuildThisFileDirectory)src\ksf\ksApplication.h">
      <Filter>Source Files\ksf</Filter>
    </ClInclude>
    <ClInclude Include="$(MSBuildThisFileDirectory)src\ksf\ksComponent.h">
      <Filter>Source Files\ksf</Filter>
    </ClInclude>
    <ClInclude Include="$(MSBuildThisFileDirectory)src\ksf\ksComposable.h">
      <Filter>Source Files\ksf</Filter>
    </ClInclude>
    <ClInclude Include="$(MSBuildThisFileDirectory)src\ksf\ksConfig.h">
      <Filter>Source Files\ksf</Filter>
    </ClInclude>
    <ClInclude Include="$(MSBuildThisFileDirectory)src\ksf\ksConstants.h">
      <Filter>Source Files\ksf</Filter>
    </ClInclude>
  </ItemGroup>
</Project>